
Microsoft Visual Studio Solution File, Format Version 12.00
# Visual Studio 15
VisualStudioVersion = 15.0.28307.1913
MinimumVisualStudioVersion = 10.0.40219.1
Project("{FAE04EC0-301F-11D3-BF4B-00C04F79EFBC}") = "WpfApp1", "WpfApp1\WpfApp1.csproj", "{8595461C-2812-403E-B8C1-21C0E753CB13}"
EndProject
Global
	GlobalSection(SolutionConfigurationPlatforms) = preSolution
		Debug|Any CPU = Debug|Any CPU
		Release|Any CPU = Release|Any CPU
	EndGlobalSection
	GlobalSection(ProjectConfigurationPlatforms) = postSolution
		{8595461C-2812-403E-B8C1-21C0E753CB13}.Debug|Any CPU.ActiveCfg = Debug|Any CPU
		{8595461C-2812-403E-B8C1-21C0E753CB13}.Debug|Any CPU.Build.0 = Debug|Any CPU
		{8595461C-2812-403E-B8C1-21C0E753CB13}.Release|Any CPU.ActiveCfg = Release|Any CPU
		{8595461C-2812-403E-B8C1-21C0E753CB13}.Release|Any CPU.Build.0 = Release|Any CPU
	EndGlobalSection
	GlobalSection(SolutionProperties) = preSolution
		HideSolutionNode = FALSE
	EndGlobalSection
	GlobalSection(ExtensibilityGlobals) = postSolution
		SolutionGuid = {180FC8CF-EE10-4EBD-A2E2-3BE45785CDF4}
	EndGlobalSection
EndGlobal
